// !$*UTF8*$!
{
	archiveVersion = 1;
	classes = {
	};
	objectVersion = 46;
	objects = {

/* Begin PBXBuildFile section */
		1906324C1D044FCD002C8732 /* Lot.swift in Sources */ = {isa = PBXBuildFile; fileRef = 1906324B1D044FCD002C8732 /* Lot.swift */; };
		1906324E1D04500C002C8732 /* LotExtension.swift in Sources */ = {isa = PBXBuildFile; fileRef = 1906324D1D04500C002C8732 /* LotExtension.swift */; };
		190632501D0459B2002C8732 /* CellarworxClassGenerics.swift in Sources */ = {isa = PBXBuildFile; fileRef = 1906324F1D0459B2002C8732 /* CellarworxClassGenerics.swift */; };
		190632521D045E46002C8732 /* lots.json in Resources */ = {isa = PBXBuildFile; fileRef = 190632511D045E46002C8732 /* lots.json */; };
		190632571D046538002C8732 /* CellarworxClass.swift in Sources */ = {isa = PBXBuildFile; fileRef = 190632561D046538002C8732 /* CellarworxClass.swift */; };
		190632591D04DBD1002C8732 /* WorkOrders.json in Resources */ = {isa = PBXBuildFile; fileRef = 190632581D04DBD1002C8732 /* WorkOrders.json */; };
		1906325B1D04DC2B002C8732 /* Wo.swift in Sources */ = {isa = PBXBuildFile; fileRef = 1906325A1D04DC2B002C8732 /* Wo.swift */; };
		1906325D1D04DC8B002C8732 /* WoExtension.swift in Sources */ = {isa = PBXBuildFile; fileRef = 1906325C1D04DC8B002C8732 /* WoExtension.swift */; };
		1906325F1D0598E4002C8732 /* StringExtension.swift in Sources */ = {isa = PBXBuildFile; fileRef = 1906325E1D0598E4002C8732 /* StringExtension.swift */; };
		191C10601D06F9E900257C16 /* additions.json in Resources */ = {isa = PBXBuildFile; fileRef = 191C105F1D06F9E900257C16 /* additions.json */; };
		191C10621D06FA0000257C16 /* Additions.swift in Sources */ = {isa = PBXBuildFile; fileRef = 191C10611D06FA0000257C16 /* Additions.swift */; };
		198406471D036C100047A1A3 /* users.json in Resources */ = {isa = PBXBuildFile; fileRef = 198406461D036C100047A1A3 /* users.json */; };
		198406491D036C4E0047A1A3 /* User.swift in Sources */ = {isa = PBXBuildFile; fileRef = 198406481D036C4E0047A1A3 /* User.swift */; };
		1984064D1D036D5B0047A1A3 /* ClientExtension.swift in Sources */ = {isa = PBXBuildFile; fileRef = 1984064C1D036D5B0047A1A3 /* ClientExtension.swift */; };
		1984064F1D036EA40047A1A3 /* UserExtension.swift in Sources */ = {isa = PBXBuildFile; fileRef = 1984064E1D036EA40047A1A3 /* UserExtension.swift */; };
		19E200D21D030A090082E477 /* AppDelegate.swift in Sources */ = {isa = PBXBuildFile; fileRef = 19E200D11D030A090082E477 /* AppDelegate.swift */; };
		19E200D41D030A090082E477 /* ViewController.swift in Sources */ = {isa = PBXBuildFile; fileRef = 19E200D31D030A090082E477 /* ViewController.swift */; };
		19E200D71D030A090082E477 /* Main.storyboard in Resources */ = {isa = PBXBuildFile; fileRef = 19E200D51D030A090082E477 /* Main.storyboard */; };
		19E200D91D030A090082E477 /* Assets.xcassets in Resources */ = {isa = PBXBuildFile; fileRef = 19E200D81D030A090082E477 /* Assets.xcassets */; };
		19E200DC1D030A090082E477 /* LaunchScreen.storyboard in Resources */ = {isa = PBXBuildFile; fileRef = 19E200DA1D030A090082E477 /* LaunchScreen.storyboard */; };
		19E202FA1D0358CD0082E477 /* clients.json in Resources */ = {isa = PBXBuildFile; fileRef = 19E202F91D0358CD0082E477 /* clients.json */; };
		19E203261D0365C30082E477 /* Client.swift in Sources */ = {isa = PBXBuildFile; fileRef = 19E203251D0365C30082E477 /* Client.swift */; };
		D0B8D0C49F0C089C73FB9F42 /* libPods.a in Frameworks */ = {isa = PBXBuildFile; fileRef = B692D001958D8860363B675F /* libPods.a */; };
/* End PBXBuildFile section */

/* Begin PBXCopyFilesBuildPhase section */
		19E202051D03500D0082E477 /* Embed Frameworks */ = {
			isa = PBXCopyFilesBuildPhase;
			buildActionMask = 2147483647;
			dstPath = "";
			dstSubfolderSpec = 10;
			files = (
			);
			name = "Embed Frameworks";
			runOnlyForDeploymentPostprocessing = 0;
		};
/* End PBXCopyFilesBuildPhase section */

/* Begin PBXFileReference section */
		1906324B1D044FCD002C8732 /* Lot.swift */ = {isa = PBXFileReference; fileEncoding = 4; lastKnownFileType = sourcecode.swift; path = Lot.swift; sourceTree = "<group>"; };
		1906324D1D04500C002C8732 /* LotExtension.swift */ = {isa = PBXFileReference; fileEncoding = 4; lastKnownFileType = sourcecode.swift; path = LotExtension.swift; sourceTree = "<group>"; };
		1906324F1D0459B2002C8732 /* CellarworxClassGenerics.swift */ = {isa = PBXFileReference; fileEncoding = 4; lastKnownFileType = sourcecode.swift; path = CellarworxClassGenerics.swift; sourceTree = "<group>"; };
		190632511D045E46002C8732 /* lots.json */ = {isa = PBXFileReference; fileEncoding = 4; lastKnownFileType = text.json; path = lots.json; sourceTree = "<group>"; };
		190632561D046538002C8732 /* CellarworxClass.swift */ = {isa = PBXFileReference; fileEncoding = 4; lastKnownFileType = sourcecode.swift; path = CellarworxClass.swift; sourceTree = "<group>"; };
		190632581D04DBD1002C8732 /* WorkOrders.json */ = {isa = PBXFileReference; fileEncoding = 4; lastKnownFileType = text.json; path = WorkOrders.json; sourceTree = "<group>"; };
		1906325A1D04DC2B002C8732 /* Wo.swift */ = {isa = PBXFileReference; fileEncoding = 4; lastKnownFileType = sourcecode.swift; path = Wo.swift; sourceTree = "<group>"; };
		1906325C1D04DC8B002C8732 /* WoExtension.swift */ = {isa = PBXFileReference; fileEncoding = 4; lastKnownFileType = sourcecode.swift; path = WoExtension.swift; sourceTree = "<group>"; };
		1906325E1D0598E4002C8732 /* StringExtension.swift */ = {isa = PBXFileReference; fileEncoding = 4; lastKnownFileType = sourcecode.swift; path = StringExtension.swift; sourceTree = "<group>"; };
		191C105F1D06F9E900257C16 /* additions.json */ = {isa = PBXFileReference; fileEncoding = 4; lastKnownFileType = text.json; path = additions.json; sourceTree = "<group>"; };
		191C10611D06FA0000257C16 /* Additions.swift */ = {isa = PBXFileReference; fileEncoding = 4; lastKnownFileType = sourcecode.swift; path = Additions.swift; sourceTree = "<group>"; };
		198406461D036C100047A1A3 /* users.json */ = {isa = PBXFileReference; fileEncoding = 4; lastKnownFileType = text.json; path = users.json; sourceTree = "<group>"; };
		198406481D036C4E0047A1A3 /* User.swift */ = {isa = PBXFileReference; fileEncoding = 4; lastKnownFileType = sourcecode.swift; path = User.swift; sourceTree = "<group>"; };
		1984064C1D036D5B0047A1A3 /* ClientExtension.swift */ = {isa = PBXFileReference; fileEncoding = 4; lastKnownFileType = sourcecode.swift; path = ClientExtension.swift; sourceTree = "<group>"; };
		1984064E1D036EA40047A1A3 /* UserExtension.swift */ = {isa = PBXFileReference; fileEncoding = 4; lastKnownFileType = sourcecode.swift; path = UserExtension.swift; sourceTree = "<group>"; };
		19E200CE1D030A090082E477 /* cellarworx2Importer.app */ = {isa = PBXFileReference; explicitFileType = wrapper.application; includeInIndex = 0; path = cellarworx2Importer.app; sourceTree = BUILT_PRODUCTS_DIR; };
		19E200D11D030A090082E477 /* AppDelegate.swift */ = {isa = PBXFileReference; lastKnownFileType = sourcecode.swift; path = AppDelegate.swift; sourceTree = "<group>"; };
		19E200D31D030A090082E477 /* ViewController.swift */ = {isa = PBXFileReference; lastKnownFileType = sourcecode.swift; path = ViewController.swift; sourceTree = "<group>"; };
		19E200D61D030A090082E477 /* Base */ = {isa = PBXFileReference; lastKnownFileType = file.storyboard; name = Base; path = Base.lproj/Main.storyboard; sourceTree = "<group>"; };
		19E200D81D030A090082E477 /* Assets.xcassets */ = {isa = PBXFileReference; lastKnownFileType = folder.assetcatalog; path = Assets.xcassets; sourceTree = "<group>"; };
		19E200DB1D030A090082E477 /* Base */ = {isa = PBXFileReference; lastKnownFileType = file.storyboard; name = Base; path = Base.lproj/LaunchScreen.storyboard; sourceTree = "<group>"; };
		19E200DD1D030A090082E477 /* Info.plist */ = {isa = PBXFileReference; lastKnownFileType = text.plist.xml; path = Info.plist; sourceTree = "<group>"; };
		19E200E31D030C830082E477 /* cellarworx2Importer-Bridging-Header.h */ = {isa = PBXFileReference; lastKnownFileType = sourcecode.c.h; path = "cellarworx2Importer-Bridging-Header.h"; sourceTree = "<group>"; };
		19E202F91D0358CD0082E477 /* clients.json */ = {isa = PBXFileReference; fileEncoding = 4; lastKnownFileType = text.json; path = clients.json; sourceTree = "<group>"; };
		19E203251D0365C30082E477 /* Client.swift */ = {isa = PBXFileReference; fileEncoding = 4; lastKnownFileType = sourcecode.swift; path = Client.swift; sourceTree = "<group>"; };
		2D6E69D8140DE2A77FE0EEB4 /* Pods.release.xcconfig */ = {isa = PBXFileReference; includeInIndex = 1; lastKnownFileType = text.xcconfig; name = Pods.release.xcconfig; path = "Pods/Target Support Files/Pods/Pods.release.xcconfig"; sourceTree = "<group>"; };
		B692D001958D8860363B675F /* libPods.a */ = {isa = PBXFileReference; explicitFileType = archive.ar; includeInIndex = 0; path = libPods.a; sourceTree = BUILT_PRODUCTS_DIR; };
		C2C96A058DB8F19DDAFCAF6C /* Pods.debug.xcconfig */ = {isa = PBXFileReference; includeInIndex = 1; lastKnownFileType = text.xcconfig; name = Pods.debug.xcconfig; path = "Pods/Target Support Files/Pods/Pods.debug.xcconfig"; sourceTree = "<group>"; };
/* End PBXFileReference section */

/* Begin PBXFrameworksBuildPhase section */
		19E200CB1D030A090082E477 /* Frameworks */ = {
			isa = PBXFrameworksBuildPhase;
			buildActionMask = 2147483647;
			files = (
				D0B8D0C49F0C089C73FB9F42 /* libPods.a in Frameworks */,
			);
			runOnlyForDeploymentPostprocessing = 0;
		};
/* End PBXFrameworksBuildPhase section */

/* Begin PBXGroup section */
		190632531D045FEA002C8732 /* Model */ = {
			isa = PBXGroup;
			children = (
				191C10611D06FA0000257C16 /* Additions.swift */,
				1906325A1D04DC2B002C8732 /* Wo.swift */,
				1906325C1D04DC8B002C8732 /* WoExtension.swift */,
				19E203251D0365C30082E477 /* Client.swift */,
				1984064C1D036D5B0047A1A3 /* ClientExtension.swift */,
				1906324B1D044FCD002C8732 /* Lot.swift */,
				1906324D1D04500C002C8732 /* LotExtension.swift */,
				198406481D036C4E0047A1A3 /* User.swift */,
				1984064E1D036EA40047A1A3 /* UserExtension.swift */,
				190632561D046538002C8732 /* CellarworxClass.swift */,
				1906325E1D0598E4002C8732 /* StringExtension.swift */,
			);
			name = Model;
			sourceTree = "<group>";
		};
		190632541D045FF4002C8732 /* Generic Helpers */ = {
			isa = PBXGroup;
			children = (
				1906324F1D0459B2002C8732 /* CellarworxClassGenerics.swift */,
			);
			name = "Generic Helpers";
			sourceTree = "<group>";
		};
		190632551D046004002C8732 /* JSON Source Files */ = {
			isa = PBXGroup;
			children = (
				190632581D04DBD1002C8732 /* WorkOrders.json */,
				19E202F91D0358CD0082E477 /* clients.json */,
				198406461D036C100047A1A3 /* users.json */,
				190632511D045E46002C8732 /* lots.json */,
				191C105F1D06F9E900257C16 /* additions.json */,
			);
			name = "JSON Source Files";
			sourceTree = "<group>";
		};
		19E200C51D030A090082E477 = {
			isa = PBXGroup;
			children = (
				19E200D01D030A090082E477 /* cellarworx2Importer */,
				19E200CF1D030A090082E477 /* Products */,
				1B03B1AAEB577F59275B8C55 /* Pods */,
				B8E9D8FEC065D3BC38ECD3C1 /* Frameworks */,
				19E200E31D030C830082E477 /* cellarworx2Importer-Bridging-Header.h */,
			);
			sourceTree = "<group>";
		};
		19E200CF1D030A090082E477 /* Products */ = {
			isa = PBXGroup;
			children = (
				19E200CE1D030A090082E477 /* cellarworx2Importer.app */,
			);
			name = Products;
			sourceTree = "<group>";
		};
		19E200D01D030A090082E477 /* cellarworx2Importer */ = {
			isa = PBXGroup;
			children = (
				190632541D045FF4002C8732 /* Generic Helpers */,
				190632531D045FEA002C8732 /* Model */,
				19E200D11D030A090082E477 /* AppDelegate.swift */,
				19E200D31D030A090082E477 /* ViewController.swift */,
				19E200D51D030A090082E477 /* Main.storyboard */,
				19E200D81D030A090082E477 /* Assets.xcassets */,
				19E200DA1D030A090082E477 /* LaunchScreen.storyboard */,
				19E200DD1D030A090082E477 /* Info.plist */,
				190632551D046004002C8732 /* JSON Source Files */,
			);
			path = cellarworx2Importer;
			sourceTree = "<group>";
		};
		1B03B1AAEB577F59275B8C55 /* Pods */ = {
			isa = PBXGroup;
			children = (
				C2C96A058DB8F19DDAFCAF6C /* Pods.debug.xcconfig */,
				2D6E69D8140DE2A77FE0EEB4 /* Pods.release.xcconfig */,
			);
			name = Pods;
			sourceTree = "<group>";
		};
		B8E9D8FEC065D3BC38ECD3C1 /* Frameworks */ = {
			isa = PBXGroup;
			children = (
				B692D001958D8860363B675F /* libPods.a */,
			);
			name = Frameworks;
			sourceTree = "<group>";
		};
/* End PBXGroup section */

/* Begin PBXNativeTarget section */
		19E200CD1D030A090082E477 /* cellarworx2Importer */ = {
			isa = PBXNativeTarget;
			buildConfigurationList = 19E200E01D030A090082E477 /* Build configuration list for PBXNativeTarget "cellarworx2Importer" */;
			buildPhases = (
				7B19A1F202203AFDCC9D550E /* Check Pods Manifest.lock */,
				19E200CA1D030A090082E477 /* Sources */,
				19E200CB1D030A090082E477 /* Frameworks */,
				19E200CC1D030A090082E477 /* Resources */,
				932C7178D6E1CA8DA6EB96E3 /* Embed Pods Frameworks */,
				751E3895279BB95DD46D07A5 /* Copy Pods Resources */,
				19E202051D03500D0082E477 /* Embed Frameworks */,
			);
			buildRules = (
			);
			dependencies = (
			);
			name = cellarworx2Importer;
			productName = cellarworx2Importer;
			productReference = 19E200CE1D030A090082E477 /* cellarworx2Importer.app */;
			productType = "com.apple.product-type.application";
		};
/* End PBXNativeTarget section */

/* Begin PBXProject section */
		19E200C61D030A090082E477 /* Project object */ = {
			isa = PBXProject;
			attributes = {
				LastSwiftUpdateCheck = 0730;
				LastUpgradeCheck = 0730;
				ORGANIZATIONNAME = "Windy City Lab";
				TargetAttributes = {
					19E200CD1D030A090082E477 = {
						CreatedOnToolsVersion = 7.3;
					};
				};
			};
			buildConfigurationList = 19E200C91D030A090082E477 /* Build configuration list for PBXProject "cellarworx2Importer" */;
			compatibilityVersion = "Xcode 3.2";
			developmentRegion = English;
			hasScannedForEncodings = 0;
			knownRegions = (
				en,
				Base,
			);
			mainGroup = 19E200C51D030A090082E477;
			productRefGroup = 19E200CF1D030A090082E477 /* Products */;
			projectDirPath = "";
			projectRoot = "";
			targets = (
				19E200CD1D030A090082E477 /* cellarworx2Importer */,
			);
		};
/* End PBXProject section */

/* Begin PBXResourcesBuildPhase section */
		19E200CC1D030A090082E477 /* Resources */ = {
			isa = PBXResourcesBuildPhase;
			buildActionMask = 2147483647;
			files = (
				190632591D04DBD1002C8732 /* WorkOrders.json in Resources */,
				198406471D036C100047A1A3 /* users.json in Resources */,
				190632521D045E46002C8732 /* lots.json in Resources */,
				19E200DC1D030A090082E477 /* LaunchScreen.storyboard in Resources */,
				19E200D91D030A090082E477 /* Assets.xcassets in Resources */,
				191C10601D06F9E900257C16 /* additions.json in Resources */,
				19E202FA1D0358CD0082E477 /* clients.json in Resources */,
				19E200D71D030A090082E477 /* Main.storyboard in Resources */,
			);
			runOnlyForDeploymentPostprocessing = 0;
		};
/* End PBXResourcesBuildPhase section */

/* Begin PBXShellScriptBuildPhase section */
		751E3895279BB95DD46D07A5 /* Copy Pods Resources */ = {
			isa = PBXShellScriptBuildPhase;
			buildActionMask = 2147483647;
			files = (
			);
			inputPaths = (
			);
			name = "Copy Pods Resources";
			outputPaths = (
			);
			runOnlyForDeploymentPostprocessing = 0;
			shellPath = /bin/sh;
			shellScript = "\"${SRCROOT}/Pods/Target Support Files/Pods/Pods-resources.sh\"\n";
			showEnvVarsInLog = 0;
		};
		7B19A1F202203AFDCC9D550E /* Check Pods Manifest.lock */ = {
			isa = PBXShellScriptBuildPhase;
			buildActionMask = 2147483647;
			files = (
			);
			inputPaths = (
			);
			name = "Check Pods Manifest.lock";
			outputPaths = (
			);
			runOnlyForDeploymentPostprocessing = 0;
			shellPath = /bin/sh;
			shellScript = "diff \"${PODS_ROOT}/../Podfile.lock\" \"${PODS_ROOT}/Manifest.lock\" > /dev/null\nif [[ $? != 0 ]] ; then\n    cat << EOM\nerror: The sandbox is not in sync with the Podfile.lock. Run 'pod install' or update your CocoaPods installation.\nEOM\n    exit 1\nfi\n";
			showEnvVarsInLog = 0;
		};
		932C7178D6E1CA8DA6EB96E3 /* Embed Pods Frameworks */ = {
			isa = PBXShellScriptBuildPhase;
			buildActionMask = 2147483647;
			files = (
			);
			inputPaths = (
			);
			name = "Embed Pods Frameworks";
			outputPaths = (
			);
			runOnlyForDeploymentPostprocessing = 0;
			shellPath = /bin/sh;
			shellScript = "\"${SRCROOT}/Pods/Target Support Files/Pods/Pods-frameworks.sh\"\n";
			showEnvVarsInLog = 0;
		};
/* End PBXShellScriptBuildPhase section */

/* Begin PBXSourcesBuildPhase section */
		19E200CA1D030A090082E477 /* Sources */ = {
			isa = PBXSourcesBuildPhase;
			buildActionMask = 2147483647;
			files = (
				198406491D036C4E0047A1A3 /* User.swift in Sources */,
				1906325B1D04DC2B002C8732 /* Wo.swift in Sources */,
				1906324E1D04500C002C8732 /* LotExtension.swift in Sources */,
				19E200D41D030A090082E477 /* ViewController.swift in Sources */,
				1906324C1D044FCD002C8732 /* Lot.swift in Sources */,
				1984064F1D036EA40047A1A3 /* UserExtension.swift in Sources */,
				1984064D1D036D5B0047A1A3 /* ClientExtension.swift in Sources */,
				191C10621D06FA0000257C16 /* Additions.swift in Sources */,
				1906325D1D04DC8B002C8732 /* WoExtension.swift in Sources */,
				190632501D0459B2002C8732 /* CellarworxClassGenerics.swift in Sources */,
				190632571D046538002C8732 /* CellarworxClass.swift in Sources */,
				19E200D21D030A090082E477 /* AppDelegate.swift in Sources */,
				1906325F1D0598E4002C8732 /* StringExtension.swift in Sources */,
				19E203261D0365C30082E477 /* Client.swift in Sources */,
			);
			runOnlyForDeploymentPostprocessing = 0;
		};
/* End PBXSourcesBuildPhase section */

/* Begin PBXVariantGroup section */
		19E200D51D030A090082E477 /* Main.storyboard */ = {
			isa = PBXVariantGroup;
			children = (
				19E200D61D030A090082E477 /* Base */,
			);
			name = Main.storyboard;
			sourceTree = "<group>";
		};
		19E200DA1D030A090082E477 /* LaunchScreen.storyboard */ = {
			isa = PBXVariantGroup;
			children = (
				19E200DB1D030A090082E477 /* Base */,
			);
			name = LaunchScreen.storyboard;
			sourceTree = "<group>";
		};
/* End PBXVariantGroup section */

/* Begin XCBuildConfiguration section */
		19E200DE1D030A090082E477 /* Debug */ = {
			isa = XCBuildConfiguration;
			buildSettings = {
				ALWAYS_SEARCH_USER_PATHS = NO;
				CLANG_ANALYZER_NONNULL = YES;
				CLANG_CXX_LANGUAGE_STANDARD = "gnu++0x";
				CLANG_CXX_LIBRARY = "libc++";
				CLANG_ENABLE_MODULES = YES;
				CLANG_ENABLE_OBJC_ARC = YES;
				CLANG_WARN_BOOL_CONVERSION = YES;
				CLANG_WARN_CONSTANT_CONVERSION = YES;
				CLANG_WARN_DIRECT_OBJC_ISA_USAGE = YES_ERROR;
				CLANG_WARN_EMPTY_BODY = YES;
				CLANG_WARN_ENUM_CONVERSION = YES;
				CLANG_WARN_INT_CONVERSION = YES;
				CLANG_WARN_OBJC_ROOT_CLASS = YES_ERROR;
				CLANG_WARN_UNREACHABLE_CODE = YES;
				CLANG_WARN__DUPLICATE_METHOD_MATCH = YES;
				"CODE_SIGN_IDENTITY[sdk=iphoneos*]" = "iPhone Developer";
				COPY_PHASE_STRIP = NO;
				DEBUG_INFORMATION_FORMAT = dwarf;
				ENABLE_STRICT_OBJC_MSGSEND = YES;
				ENABLE_TESTABILITY = YES;
				GCC_C_LANGUAGE_STANDARD = gnu99;
				GCC_DYNAMIC_NO_PIC = NO;
				GCC_NO_COMMON_BLOCKS = YES;
				GCC_OPTIMIZATION_LEVEL = 0;
				GCC_PREPROCESSOR_DEFINITIONS = (
					"DEBUG=1",
					"$(inherited)",
				);
				GCC_WARN_64_TO_32_BIT_CONVERSION = YES;
				GCC_WARN_ABOUT_RETURN_TYPE = YES_ERROR;
				GCC_WARN_UNDECLARED_SELECTOR = YES;
				GCC_WARN_UNINITIALIZED_AUTOS = YES_AGGRESSIVE;
				GCC_WARN_UNUSED_FUNCTION = YES;
				GCC_WARN_UNUSED_VARIABLE = YES;
				IPHONEOS_DEPLOYMENT_TARGET = 9.3;
				MTL_ENABLE_DEBUG_INFO = YES;
				ONLY_ACTIVE_ARCH = YES;
				SDKROOT = iphoneos;
				SWIFT_OPTIMIZATION_LEVEL = "-Onone";
			};
			name = Debug;
		};
		19E200DF1D030A090082E477 /* Release */ = {
			isa = XCBuildConfiguration;
			buildSettings = {
				ALWAYS_SEARCH_USER_PATHS = NO;
				CLANG_ANALYZER_NONNULL = YES;
				CLANG_CXX_LANGUAGE_STANDARD = "gnu++0x";
				CLANG_CXX_LIBRARY = "libc++";
				CLANG_ENABLE_MODULES = YES;
				CLANG_ENABLE_OBJC_ARC = YES;
				CLANG_WARN_BOOL_CONVERSION = YES;
				CLANG_WARN_CONSTANT_CONVERSION = YES;
				CLANG_WARN_DIRECT_OBJC_ISA_USAGE = YES_ERROR;
				CLANG_WARN_EMPTY_BODY = YES;
				CLANG_WARN_ENUM_CONVERSION = YES;
				CLANG_WARN_INT_CONVERSION = YES;
				CLANG_WARN_OBJC_ROOT_CLASS = YES_ERROR;
				CLANG_WARN_UNREACHABLE_CODE = YES;
				CLANG_WARN__DUPLICATE_METHOD_MATCH = YES;
				"CODE_SIGN_IDENTITY[sdk=iphoneos*]" = "iPhone Developer";
				COPY_PHASE_STRIP = NO;
				DEBUG_INFORMATION_FORMAT = "dwarf-with-dsym";
				ENABLE_NS_ASSERTIONS = NO;
				ENABLE_STRICT_OBJC_MSGSEND = YES;
				GCC_C_LANGUAGE_STANDARD = gnu99;
				GCC_NO_COMMON_BLOCKS = YES;
				GCC_WARN_64_TO_32_BIT_CONVERSION = YES;
				GCC_WARN_ABOUT_RETURN_TYPE = YES_ERROR;
				GCC_WARN_UNDECLARED_SELECTOR = YES;
				GCC_WARN_UNINITIALIZED_AUTOS = YES_AGGRESSIVE;
				GCC_WARN_UNUSED_FUNCTION = YES;
				GCC_WARN_UNUSED_VARIABLE = YES;
				IPHONEOS_DEPLOYMENT_TARGET = 9.3;
				MTL_ENABLE_DEBUG_INFO = NO;
				SDKROOT = iphoneos;
				VALIDATE_PRODUCT = YES;
			};
			name = Release;
		};
		19E200E11D030A090082E477 /* Debug */ = {
			isa = XCBuildConfiguration;
			baseConfigurationReference = C2C96A058DB8F19DDAFCAF6C /* Pods.debug.xcconfig */;
			buildSettings = {
				ASSETCATALOG_COMPILER_APPICON_NAME = AppIcon;
				CLANG_ENABLE_MODULES = YES;
				FRAMEWORK_SEARCH_PATHS = (
					"$(inherited)",
					"$(PROJECT_DIR)",
				);
				INFOPLIST_FILE = cellarworx2Importer/Info.plist;
				LD_RUNPATH_SEARCH_PATHS = "$(inherited) @executable_path/Frameworks";
				PRODUCT_BUNDLE_IDENTIFIER = com.theWCL.cellarworx2Importer;
				PRODUCT_NAME = "$(TARGET_NAME)";
				SWIFT_OBJC_BRIDGING_HEADER = "cellarworx2Importer-Bridging-Header.h";
				SWIFT_OPTIMIZATION_LEVEL = "-Onone";
			};
			name = Debug;
		};
		19E200E21D030A090082E477 /* Release */ = {
			isa = XCBuildConfiguration;
			baseConfigurationReference = 2D6E69D8140DE2A77FE0EEB4 /* Pods.release.xcconfig */;
			buildSettings = {
				ASSETCATALOG_COMPILER_APPICON_NAME = AppIcon;
				CLANG_ENABLE_MODULES = YES;
				FRAMEWORK_SEARCH_PATHS = (
					"$(inherited)",
					"$(PROJECT_DIR)",
				);
				INFOPLIST_FILE = cellarworx2Importer/Info.plist;
				LD_RUNPATH_SEARCH_PATHS = "$(inherited) @executable_path/Frameworks";
				PRODUCT_BUNDLE_IDENTIFIER = com.theWCL.cellarworx2Importer;
				PRODUCT_NAME = "$(TARGET_NAME)";
				SWIFT_OBJC_BRIDGING_HEADER = "cellarworx2Importer-Bridging-Header.h";
			};
			name = Release;
		};
/* End XCBuildConfiguration section */

/* Begin XCConfigurationList section */
		19E200C91D030A090082E477 /* Build configuration list for PBXProject "cellarworx2Importer" */ = {
			isa = XCConfigurationList;
			buildConfigurations = (
				19E200DE1D030A090082E477 /* Debug */,
				19E200DF1D030A090082E477 /* Release */,
			);
			defaultConfigurationIsVisible = 0;
			defaultConfigurationName = Release;
		};
		19E200E01D030A090082E477 /* Build configuration list for PBXNativeTarget "cellarworx2Importer" */ = {
			isa = XCConfigurationList;
			buildConfigurations = (
				19E200E11D030A090082E477 /* Debug */,
				19E200E21D030A090082E477 /* Release */,
			);
			defaultConfigurationIsVisible = 0;
			defaultConfigurationName = Release;
		};
/* End XCConfigurationList section */
	};
	rootObject = 19E200C61D030A090082E477 /* Project object */;
}
