// !$*UTF8*$!
{
	archiveVersion = 1;
	classes = {
	};
	objectVersion = 46;
	objects = {

/* Begin PBXBuildFile section */
		19E200D21D030A090082E477 /* AppDelegate.swift in Sources */ = {isa = PBXBuildFile; fileRef = 19E200D11D030A090082E477 /* AppDelegate.swift */; };
		19E200D41D030A090082E477 /* ViewController.swift in Sources */ = {isa = PBXBuildFile; fileRef = 19E200D31D030A090082E477 /* ViewController.swift */; };
		19E200D71D030A090082E477 /* Main.storyboard in Resources */ = {isa = PBXBuildFile; fileRef = 19E200D51D030A090082E477 /* Main.storyboard */; };
		19E200D91D030A090082E477 /* Assets.xcassets in Resources */ = {isa = PBXBuildFile; fileRef = 19E200D81D030A090082E477 /* Assets.xcassets */; };
		19E200DC1D030A090082E477 /* LaunchScreen.storyboard in Resources */ = {isa = PBXBuildFile; fileRef = 19E200DA1D030A090082E477 /* LaunchScreen.storyboard */; };
/* End PBXBuildFile section */

/* Begin PBXFileReference section */
		19E200CE1D030A090082E477 /* cellarworx2Importer.app */ = {isa = PBXFileReference; explicitFileType = wrapper.application; includeInIndex = 0; path = cellarworx2Importer.app; sourceTree = BUILT_PRODUCTS_DIR; };
		19E200D11D030A090082E477 /* AppDelegate.swift */ = {isa = PBXFileReference; lastKnownFileType = sourcecode.swift; path = AppDelegate.swift; sourceTree = "<group>"; };
		19E200D31D030A090082E477 /* ViewController.swift */ = {isa = PBXFileReference; lastKnownFileType = sourcecode.swift; path = ViewController.swift; sourceTree = "<group>"; };
		19E200D61D030A090082E477 /* Base */ = {isa = PBXFileReference; lastKnownFileType = file.storyboard; name = Base; path = Base.lproj/Main.storyboard; sourceTree = "<group>"; };
		19E200D81D030A090082E477 /* Assets.xcassets */ = {isa = PBXFileReference; lastKnownFileType = folder.assetcatalog; path = Assets.xcassets; sourceTree = "<group>"; };
		19E200DB1D030A090082E477 /* Base */ = {isa = PBXFileReference; lastKnownFileType = file.storyboard; name = Base; path = Base.lproj/LaunchScreen.storyboard; sourceTree = "<group>"; };
		19E200DD1D030A090082E477 /* Info.plist */ = {isa = PBXFileReference; lastKnownFileType = text.plist.xml; path = Info.plist; sourceTree = "<group>"; };
/* End PBXFileReference section */

/* Begin PBXFrameworksBuildPhase section */
		19E200CB1D030A090082E477 /* Frameworks */ = {
			isa = PBXFrameworksBuildPhase;
			buildActionMask = 2147483647;
			files = (
			);
			runOnlyForDeploymentPostprocessing = 0;
		};
/* End PBXFrameworksBuildPhase section */

/* Begin PBXGroup section */
		19E200C51D030A090082E477 = {
			isa = PBXGroup;
			children = (
				19E200D01D030A090082E477 /* cellarworx2Importer */,
				19E200CF1D030A090082E477 /* Products */,
			);
			sourceTree = "<group>";
		};
		19E200CF1D030A090082E477 /* Products */ = {
			isa = PBXGroup;
			children = (
				19E200CE1D030A090082E477 /* cellarworx2Importer.app */,
			);
			name = Products;
			sourceTree = "<group>";
		};
		19E200D01D030A090082E477 /* cellarworx2Importer */ = {
			isa = PBXGroup;
			children = (
				19E200D11D030A090082E477 /* AppDelegate.swift */,
				19E200D31D030A090082E477 /* ViewController.swift */,
				19E200D51D030A090082E477 /* Main.storyboard */,
				19E200D81D030A090082E477 /* Assets.xcassets */,
				19E200DA1D030A090082E477 /* LaunchScreen.storyboard */,
				19E200DD1D030A090082E477 /* Info.plist */,
			);
			path = cellarworx2Importer;
			sourceTree = "<group>";
		};
/* End PBXGroup section */

/* Begin PBXNativeTarget section */
		19E200CD1D030A090082E477 /* cellarworx2Importer */ = {
			isa = PBXNativeTarget;
			buildConfigurationList = 19E200E01D030A090082E477 /* Build configuration list for PBXNativeTarget "cellarworx2Importer" */;
			buildPhases = (
				19E200CA1D030A090082E477 /* Sources */,
				19E200CB1D030A090082E477 /* Frameworks */,
				19E200CC1D030A090082E477 /* Resources */,
			);
			buildRules = (
			);
			dependencies = (
			);
			name = cellarworx2Importer;
			productName = cellarworx2Importer;
			productReference = 19E200CE1D030A090082E477 /* cellarworx2Importer.app */;
			productType = "com.apple.product-type.application";
		};
/* End PBXNativeTarget section */

/* Begin PBXProject section */
		19E200C61D030A090082E477 /* Project object */ = {
			isa = PBXProject;
			attributes = {
				LastSwiftUpdateCheck = 0730;
				LastUpgradeCheck = 0730;
				ORGANIZATIONNAME = "Windy City Lab";
				TargetAttributes = {
					19E200CD1D030A090082E477 = {
						CreatedOnToolsVersion = 7.3;
					};
				};
			};
			buildConfigurationList = 19E200C91D030A090082E477 /* Build configuration list for PBXProject "cellarworx2Importer" */;
			compatibilityVersion = "Xcode 3.2";
			developmentRegion = English;
			hasScannedForEncodings = 0;
			knownRegions = (
				en,
				Base,
			);
			mainGroup = 19E200C51D030A090082E477;
			productRefGroup = 19E200CF1D030A090082E477 /* Products */;
			projectDirPath = "";
			projectRoot = "";
			targets = (
				19E200CD1D030A090082E477 /* cellarworx2Importer */,
			);
		};
/* End PBXProject section */

/* Begin PBXResourcesBuildPhase section */
		19E200CC1D030A090082E477 /* Resources */ = {
			isa = PBXResourcesBuildPhase;
			buildActionMask = 2147483647;
			files = (
				19E200DC1D030A090082E477 /* LaunchScreen.storyboard in Resources */,
				19E200D91D030A090082E477 /* Assets.xcassets in Resources */,
				19E200D71D030A090082E477 /* Main.storyboard in Resources */,
			);
			runOnlyForDeploymentPostprocessing = 0;
		};
/* End PBXResourcesBuildPhase section */

/* Begin PBXSourcesBuildPhase section */
		19E200CA1D030A090082E477 /* Sources */ = {
			isa = PBXSourcesBuildPhase;
			buildActionMask = 2147483647;
			files = (
				19E200D41D030A090082E477 /* ViewController.swift in Sources */,
				19E200D21D030A090082E477 /* AppDelegate.swift in Sources */,
			);
			runOnlyForDeploymentPostprocessing = 0;
		};
/* End PBXSourcesBuildPhase section */

/* Begin PBXVariantGroup section */
		19E200D51D030A090082E477 /* Main.storyboard */ = {
			isa = PBXVariantGroup;
			children = (
				19E200D61D030A090082E477 /* Base */,
			);
			name = Main.storyboard;
			sourceTree = "<group>";
		};
		19E200DA1D030A090082E477 /* LaunchScreen.storyboard */ = {
			isa = PBXVariantGroup;
			children = (
				19E200DB1D030A090082E477 /* Base */,
			);
			name = LaunchScreen.storyboard;
			sourceTree = "<group>";
		};
/* End PBXVariantGroup section */

/* Begin XCBuildConfiguration section */
		19E200DE1D030A090082E477 /* Debug */ = {
			isa = XCBuildConfiguration;
			buildSettings = {
				ALWAYS_SEARCH_USER_PATHS = NO;
				CLANG_ANALYZER_NONNULL = YES;
				CLANG_CXX_LANGUAGE_STANDARD = "gnu++0x";
				CLANG_CXX_LIBRARY = "libc++";
				CLANG_ENABLE_MODULES = YES;
				CLANG_ENABLE_OBJC_ARC = YES;
				CLANG_WARN_BOOL_CONVERSION = YES;
				CLANG_WARN_CONSTANT_CONVERSION = YES;
				CLANG_WARN_DIRECT_OBJC_ISA_USAGE = YES_ERROR;
				CLANG_WARN_EMPTY_BODY = YES;
				CLANG_WARN_ENUM_CONVERSION = YES;
				CLANG_WARN_INT_CONVERSION = YES;
				CLANG_WARN_OBJC_ROOT_CLASS = YES_ERROR;
				CLANG_WARN_UNREACHABLE_CODE = YES;
				CLANG_WARN__DUPLICATE_METHOD_MATCH = YES;
				"CODE_SIGN_IDENTITY[sdk=iphoneos*]" = "iPhone Developer";
				COPY_PHASE_STRIP = NO;
				DEBUG_INFORMATION_FORMAT = dwarf;
				ENABLE_STRICT_OBJC_MSGSEND = YES;
				ENABLE_TESTABILITY = YES;
				GCC_C_LANGUAGE_STANDARD = gnu99;
				GCC_DYNAMIC_NO_PIC = NO;
				GCC_NO_COMMON_BLOCKS = YES;
				GCC_OPTIMIZATION_LEVEL = 0;
				GCC_PREPROCESSOR_DEFINITIONS = (
					"DEBUG=1",
					"$(inherited)",
				);
				GCC_WARN_64_TO_32_BIT_CONVERSION = YES;
				GCC_WARN_ABOUT_RETURN_TYPE = YES_ERROR;
				GCC_WARN_UNDECLARED_SELECTOR = YES;
				GCC_WARN_UNINITIALIZED_AUTOS = YES_AGGRESSIVE;
				GCC_WARN_UNUSED_FUNCTION = YES;
				GCC_WARN_UNUSED_VARIABLE = YES;
				IPHONEOS_DEPLOYMENT_TARGET = 9.3;
				MTL_ENABLE_DEBUG_INFO = YES;
				ONLY_ACTIVE_ARCH = YES;
				SDKROOT = iphoneos;
				SWIFT_OPTIMIZATION_LEVEL = "-Onone";
			};
			name = Debug;
		};
		19E200DF1D030A090082E477 /* Release */ = {
			isa = XCBuildConfiguration;
			buildSettings = {
				ALWAYS_SEARCH_USER_PATHS = NO;
				CLANG_ANALYZER_NONNULL = YES;
				CLANG_CXX_LANGUAGE_STANDARD = "gnu++0x";
				CLANG_CXX_LIBRARY = "libc++";
				CLANG_ENABLE_MODULES = YES;
				CLANG_ENABLE_OBJC_ARC = YES;
				CLANG_WARN_BOOL_CONVERSION = YES;
				CLANG_WARN_CONSTANT_CONVERSION = YES;
				CLANG_WARN_DIRECT_OBJC_ISA_USAGE = YES_ERROR;
				CLANG_WARN_EMPTY_BODY = YES;
				CLANG_WARN_ENUM_CONVERSION = YES;
				CLANG_WARN_INT_CONVERSION = YES;
				CLANG_WARN_OBJC_ROOT_CLASS = YES_ERROR;
				CLANG_WARN_UNREACHABLE_CODE = YES;
				CLANG_WARN__DUPLICATE_METHOD_MATCH = YES;
				"CODE_SIGN_IDENTITY[sdk=iphoneos*]" = "iPhone Developer";
				COPY_PHASE_STRIP = NO;
				DEBUG_INFORMATION_FORMAT = "dwarf-with-dsym";
				ENABLE_NS_ASSERTIONS = NO;
				ENABLE_STRICT_OBJC_MSGSEND = YES;
				GCC_C_LANGUAGE_STANDARD = gnu99;
				GCC_NO_COMMON_BLOCKS = YES;
				GCC_WARN_64_TO_32_BIT_CONVERSION = YES;
				GCC_WARN_ABOUT_RETURN_TYPE = YES_ERROR;
				GCC_WARN_UNDECLARED_SELECTOR = YES;
				GCC_WARN_UNINITIALIZED_AUTOS = YES_AGGRESSIVE;
				GCC_WARN_UNUSED_FUNCTION = YES;
				GCC_WARN_UNUSED_VARIABLE = YES;
				IPHONEOS_DEPLOYMENT_TARGET = 9.3;
				MTL_ENABLE_DEBUG_INFO = NO;
				SDKROOT = iphoneos;
				VALIDATE_PRODUCT = YES;
			};
			name = Release;
		};
		19E200E11D030A090082E477 /* Debug */ = {
			isa = XCBuildConfiguration;
			buildSettings = {
				ASSETCATALOG_COMPILER_APPICON_NAME = AppIcon;
				INFOPLIST_FILE = cellarworx2Importer/Info.plist;
				LD_RUNPATH_SEARCH_PATHS = "$(inherited) @executable_path/Frameworks";
				PRODUCT_BUNDLE_IDENTIFIER = com.theWCL.cellarworx2Importer;
				PRODUCT_NAME = "$(TARGET_NAME)";
			};
			name = Debug;
		};
		19E200E21D030A090082E477 /* Release */ = {
			isa = XCBuildConfiguration;
			buildSettings = {
				ASSETCATALOG_COMPILER_APPICON_NAME = AppIcon;
				INFOPLIST_FILE = cellarworx2Importer/Info.plist;
				LD_RUNPATH_SEARCH_PATHS = "$(inherited) @executable_path/Frameworks";
				PRODUCT_BUNDLE_IDENTIFIER = com.theWCL.cellarworx2Importer;
				PRODUCT_NAME = "$(TARGET_NAME)";
			};
			name = Release;
		};
/* End XCBuildConfiguration section */

/* Begin XCConfigurationList section */
		19E200C91D030A090082E477 /* Build configuration list for PBXProject "cellarworx2Importer" */ = {
			isa = XCConfigurationList;
			buildConfigurations = (
				19E200DE1D030A090082E477 /* Debug */,
				19E200DF1D030A090082E477 /* Release */,
			);
			defaultConfigurationIsVisible = 0;
			defaultConfigurationName = Release;
		};
		19E200E01D030A090082E477 /* Build configuration list for PBXNativeTarget "cellarworx2Importer" */ = {
			isa = XCConfigurationList;
			buildConfigurations = (
				19E200E11D030A090082E477 /* Debug */,
				19E200E21D030A090082E477 /* Release */,
			);
			defaultConfigurationIsVisible = 0;
		};
/* End XCConfigurationList section */
	};
	rootObject = 19E200C61D030A090082E477 /* Project object */;
}
